{
  "version": "5",
  "remote": {
    "https://deno.land/std@0.224.0/dotenv/mod.ts": "0180eaeedaaf88647318811cdaa418cc64dc51fb08354f91f5f480d0a1309f7d",
    "https://deno.land/std@0.224.0/dotenv/parse.ts": "09977ff88dfd1f24f9973a338f0f91bbdb9307eb5ff6085446e7c423e4c7ba0c",
    "https://deno.land/std@0.224.0/dotenv/stringify.ts": "275da322c409170160440836342eaa7cf012a1d11a7e700d8ca4e7f2f8aa4615",
    "https://esm.sh/openai@4.47.1": "11a61ec4dca77816c3e5cf17ffe50490b0f36f41fa247f5f08f7fc8b74e3d02f",
    "https://esm.sh/openai@4.47.1/denonext/_shims/MultipartBody.mjs": "358690bfbf2421ae3eda19cd54413a48cecf120eb4ae268a4f6abc9060f53125",
    "https://esm.sh/openai@4.47.1/denonext/_shims/auto/runtime.mjs": "b5abf0cc773ebee05f21bd43d218969a5bae3921ab64c43f8f3697f0c4a2acfd",
    "https://esm.sh/openai@4.47.1/denonext/_shims/index.mjs": "9c41800f83967ec28fcaa673d5042c5228f144b0fd4ddf8b7a360a77fde4f7e7",
    "https://esm.sh/openai@4.47.1/denonext/_shims/registry.mjs": "78bd82bdb8c357c4876b2c875b40e6a93c2b0d9ab841d0ae12c7f3b23d2eb193",
    "https://esm.sh/openai@4.47.1/denonext/_shims/web-runtime.mjs": "1815c38df96183e9a30a3b1156df69226cad0b52e96a89c474ff0b6be8f2395a",
    "https://esm.sh/openai@4.47.1/denonext/core.mjs": "9e3948576492b0b89bf7f761722ecaf93b77ea109e67088a66795444cfd05eff",
    "https://esm.sh/openai@4.47.1/denonext/error.mjs": "94306844da40adb54daf1c677878b6820a7bb2348637746bbdf8fd9dfd8e678c",
    "https://esm.sh/openai@4.47.1/denonext/lib/AbstractAssistantStreamRunner.mjs": "b1e576842206ce4025e2c5026add953ece7bed8b91ed5eed8c5e7496dfa29a9a",
    "https://esm.sh/openai@4.47.1/denonext/lib/AbstractChatCompletionRunner.mjs": "18cd097415a4e0abf70e558325e67ca2be585f7e5a071a629b20de5d0714485e",
    "https://esm.sh/openai@4.47.1/denonext/lib/AssistantStream.mjs": "9426211cd9945e8efeb2172c317478cdd17cbf310a0823f59a6589de0b714c36",
    "https://esm.sh/openai@4.47.1/denonext/lib/ChatCompletionRunner.mjs": "a72ef1693f469719edc1f861e102e7e8bf2c34e5e9d720b915a99e0b0a8ec7f4",
    "https://esm.sh/openai@4.47.1/denonext/lib/ChatCompletionStream.mjs": "9b412089ce08ecfde32f9de0cfc0289e3106341bc598d163131973058b7fe8fd",
    "https://esm.sh/openai@4.47.1/denonext/lib/ChatCompletionStreamingRunner.mjs": "59a8b614bc1db30547241c0bfc65711487d3430e2dba9860d173722cef661772",
    "https://esm.sh/openai@4.47.1/denonext/lib/RunnableFunction.mjs": "b261eb1808880262213be5940263e37c25b546c4199ea1c0ebb879e09fcfde46",
    "https://esm.sh/openai@4.47.1/denonext/lib/Util.mjs": "0ffa5ccc06b18147c6e69e854de38d067558d0ffdc59d238a2b1e8ca0d5e435e",
    "https://esm.sh/openai@4.47.1/denonext/lib/chatCompletionUtils.mjs": "c49b20d808b8fe2de277b1f892a50d7be75c35abcb8111533d52794f35dcfe4e",
    "https://esm.sh/openai@4.47.1/denonext/openai.mjs": "fe84e61dcab938ec066f9078849e5e3e8832c31dd5998a444f64f7960c680542",
    "https://esm.sh/openai@4.47.1/denonext/pagination.mjs": "45654a7ef1fc4d298a7e276bf6bc84bbee285a5df46709b3ada87c08f3b8dadb",
    "https://esm.sh/openai@4.47.1/denonext/resource.mjs": "12009aa09685c071595dd9f640ac0c04db54d2aa2d5739a45ba4fa5465ae6699",
    "https://esm.sh/openai@4.47.1/denonext/resources/audio/audio.mjs": "cd51ce831c468418d7e6ea093b62eaaa2ce74008cf504d981170a639635f9d75",
    "https://esm.sh/openai@4.47.1/denonext/resources/audio/speech.mjs": "ba63905d9b8c7254d4c683107c673d2995d43be90d7e6acdd06508882b8202e5",
    "https://esm.sh/openai@4.47.1/denonext/resources/audio/transcriptions.mjs": "65d53fcde0e3453482c1bc4e28db66a9b50b56cdac362ed1856e359692f8f094",
    "https://esm.sh/openai@4.47.1/denonext/resources/audio/translations.mjs": "b2ca482199797ee1713a6ebb96d6cbb5570258051102c0520e751544aa32dec9",
    "https://esm.sh/openai@4.47.1/denonext/resources/batches.mjs": "8f2220b3a2549fa13f5ede30cf6f0a522542be040c4f616f7af1fa7b6f0d835c",
    "https://esm.sh/openai@4.47.1/denonext/resources/beta/assistants.mjs": "26d13d2f1a73ef5e844c68c6d0f9502398d82dc887210fbdac2fba6338ab2969",
    "https://esm.sh/openai@4.47.1/denonext/resources/beta/beta.mjs": "2b75db844b9afac020c76c9c4ff4f49a02deb7fd14e05f0cd8fa35e46e37e788",
    "https://esm.sh/openai@4.47.1/denonext/resources/beta/chat/chat.mjs": "793cf74ba9dc5bd9c234b34cdd0f20b0f1b5d18b492192321f813f4d9d99da54",
    "https://esm.sh/openai@4.47.1/denonext/resources/beta/chat/completions.mjs": "ff0160e88c72c9a30bd299dbc24d1f3091a439d31982e671587a62e52cf8e4ad",
    "https://esm.sh/openai@4.47.1/denonext/resources/beta/threads/messages.mjs": "e88fb4a7e4657d15e9536fa4b01d19a336fad3cb2c357bad40d8271968f4c70f",
    "https://esm.sh/openai@4.47.1/denonext/resources/beta/threads/runs/runs.mjs": "cab6649ff7aeb25058b73bb5bb3619a17d3481fc3a1a1428e59dba899a885688",
    "https://esm.sh/openai@4.47.1/denonext/resources/beta/threads/runs/steps.mjs": "66f8f43400ff1992ee7dabad702f56212252bb9f57f3affa85c5e79dd64cfcaf",
    "https://esm.sh/openai@4.47.1/denonext/resources/beta/threads/threads.mjs": "ef91c353bd5f7150a609aa953481372356303ed2ee5122832541fb6a37b95c2e",
    "https://esm.sh/openai@4.47.1/denonext/resources/beta/vector-stores/file-batches.mjs": "5157e8a4fcb4c94786a97fa2db8b5596a2b261ab8376bf1d95ff118a6e31b175",
    "https://esm.sh/openai@4.47.1/denonext/resources/beta/vector-stores/files.mjs": "966188d1691c08a1826795715769c59ebecade3b66fcf99c6c085af61d7d9e77",
    "https://esm.sh/openai@4.47.1/denonext/resources/beta/vector-stores/vector-stores.mjs": "4ce3905675eaa0b755dee233b5a1e43ff7da23ab6850f02cea9fa7dbf0e67451",
    "https://esm.sh/openai@4.47.1/denonext/resources/chat/chat.mjs": "330996a4b7f071413ec87c1ab3786c5750f33c0be1f75a38d78897d70db14dc3",
    "https://esm.sh/openai@4.47.1/denonext/resources/chat/completions.mjs": "ad4f924ce92c82814a41f0c5480c8349b8a2d28054636bc1a5ec93c350c752d7",
    "https://esm.sh/openai@4.47.1/denonext/resources/chat/index.mjs": "c0ec9f829b3d98b483fd7a675f195a2b72dfc3ffe356654cc0802393b77e9705",
    "https://esm.sh/openai@4.47.1/denonext/resources/completions.mjs": "41f56483b9e4ffbd37f52fd87690007c78e214e9858579b233b4e128c34f04c4",
    "https://esm.sh/openai@4.47.1/denonext/resources/embeddings.mjs": "eadfe4236d9c16f0464ed3aa0373e22d9d0bb067e1d6d32dddf3057d8b4d8a24",
    "https://esm.sh/openai@4.47.1/denonext/resources/files.mjs": "3153ab9d13de5517eebd0286a50588963ab6b05f57bed152b0c27ef68764ebf5",
    "https://esm.sh/openai@4.47.1/denonext/resources/fine-tuning/fine-tuning.mjs": "3a8a201789e5e8cce441c8318f0fd323b27c513d8125ebaae1a5d25fe19779e9",
    "https://esm.sh/openai@4.47.1/denonext/resources/fine-tuning/jobs/checkpoints.mjs": "102218b9feee2f2020063ba766768697b8aceb030284dbe06208d1a63ced96f0",
    "https://esm.sh/openai@4.47.1/denonext/resources/fine-tuning/jobs/jobs.mjs": "b5b58b21850d0a7aa4554697b9fb60bc037ab7fc57ddb4759fa50e06fb10d5ba",
    "https://esm.sh/openai@4.47.1/denonext/resources/images.mjs": "c64bea27016759339ae77a6298dc3740892a6d7d58604aa23d3a8360aa0720a5",
    "https://esm.sh/openai@4.47.1/denonext/resources/index.mjs": "aabac1c59825c84c23d0f4cdd308695afb28fc3c3bad75dcbe6fdef4270be2f9",
    "https://esm.sh/openai@4.47.1/denonext/resources/models.mjs": "4b1239c3a4f6f594c1f29f51ead335b533bbe93ea256c103d7200ac84ae0aca6",
    "https://esm.sh/openai@4.47.1/denonext/resources/moderations.mjs": "a8b07a716cf692927a628a931623058db902998fa497ff8792aa6ae8221f633c",
    "https://esm.sh/openai@4.47.1/denonext/resources/shared.mjs": "5797f135b3de78fb704c6baaf0a1f1c3e988309407ff6fbadbfd3af5a25acc87",
    "https://esm.sh/openai@4.47.1/denonext/streaming.mjs": "7c483b2a03dc0bdae3d1fc444d6fa0c872362a4cd45b9c8eb1580d1e5b503083",
    "https://esm.sh/openai@4.47.1/denonext/uploads.mjs": "cd726bf0926fdebd549efde8337e9533c1ba8ce9362d7b83a1141476e6744903",
    "https://esm.sh/openai@4.47.1/denonext/version.mjs": "4737d051ece1c04df595e2c92ecc29e50e2b583686d28c2efc508d8145f49100"
  },
  "workspace": {
    "packageJson": {
      "dependencies": [
        "npm:@eslint/eslintrc@3",
        "npm:@headlessui/react@^2.2.4",
        "npm:@heroicons/react@^2.2.0",
        "npm:@supabase/auth-helpers-nextjs@0.10",
        "npm:@supabase/auth-helpers-react@0.5",
        "npm:@supabase/ssr@~0.6.1",
        "npm:@supabase/supabase-js@^2.50.0",
        "npm:@tailwindcss/aspect-ratio@~0.4.2",
        "npm:@tailwindcss/postcss@4",
        "npm:@tiptap/pm@^2.22.3",
        "npm:@tiptap/react@^2.22.3",
        "npm:@tiptap/starter-kit@^2.22.3",
        "npm:@types/node@20",
        "npm:@types/react-dom@19",
        "npm:@types/react@19",
        "npm:dotenv@^16.5.0",
        "npm:eslint-config-next@15.3.3",
        "npm:eslint@9",
        "npm:lucide-react@0.522",
        "npm:next@15.3.3",
        "npm:react-dom@19",
        "npm:react-icons@^5.5.0",
        "npm:react@19",
        "npm:supabase@^2.26.9",
        "npm:tailwindcss@4",
        "npm:typescript@5"
      ]
    }
  }
}
